
Microsoft Visual Studio Solution File, Format Version 12.00
# Visual Studio Version 16
VisualStudioVersion = 16.0.29806.167
MinimumVisualStudioVersion = 10.0.40219.1
Project("{9A19103F-16F7-4668-BE54-9A1E7A4F7556}") = "ConsoleApp1", "ConsoleApp1.csproj", "{21DE2567-1190-4824-9FE6-B46E77910B5D}"
EndProject
Project("{FAE04EC0-301F-11D3-BF4B-00C04F79EFBC}") = "UnitTestProject1", "..\UnitTestProject1\UnitTestProject1.csproj", "{DC347EE0-7E07-48F8-9DEB-7D8884262A60}"
EndProject
Global
	GlobalSection(SolutionConfigurationPlatforms) = preSolution
		Debug|Any CPU = Debug|Any CPU
		Release|Any CPU = Release|Any CPU
	EndGlobalSection
	GlobalSection(ProjectConfigurationPlatforms) = postSolution
		{21DE2567-1190-4824-9FE6-B46E77910B5D}.Debug|Any CPU.ActiveCfg = Debug|Any CPU
		{21DE2567-1190-4824-9FE6-B46E77910B5D}.Debug|Any CPU.Build.0 = Debug|Any CPU
		{21DE2567-1190-4824-9FE6-B46E77910B5D}.Release|Any CPU.ActiveCfg = Release|Any CPU
		{21DE2567-1190-4824-9FE6-B46E77910B5D}.Release|Any CPU.Build.0 = Release|Any CPU
		{DC347EE0-7E07-48F8-9DEB-7D8884262A60}.Debug|Any CPU.ActiveCfg = Debug|Any CPU
		{DC347EE0-7E07-48F8-9DEB-7D8884262A60}.Debug|Any CPU.Build.0 = Debug|Any CPU
		{DC347EE0-7E07-48F8-9DEB-7D8884262A60}.Release|Any CPU.ActiveCfg = Release|Any CPU
		{DC347EE0-7E07-48F8-9DEB-7D8884262A60}.Release|Any CPU.Build.0 = Release|Any CPU
	EndGlobalSection
	GlobalSection(SolutionProperties) = preSolution
		HideSolutionNode = FALSE
	EndGlobalSection
	GlobalSection(ExtensibilityGlobals) = postSolution
		SolutionGuid = {AE64B7A4-5449-4508-9478-1BC83AEF5763}
	EndGlobalSection
EndGlobal
